
Microsoft Visual Studio Solution File, Format Version 12.00
# Visual Studio Version 17
VisualStudioVersion = 17.2.32505.173
MinimumVisualStudioVersion = 10.0.40219.1
Project("{FAE04EC0-301F-11D3-BF4B-00C04F79EFBC}") = "Shopping", "Shopping\Shopping.csproj", "{F7851DD4-82D0-44EF-B386-9D50E74E5BBB}"
EndProject
Global
	GlobalSection(SolutionConfigurationPlatforms) = preSolution
		Debug|Any CPU = Debug|Any CPU
		Release|Any CPU = Release|Any CPU
	EndGlobalSection
	GlobalSection(ProjectConfigurationPlatforms) = postSolution
		{F7851DD4-82D0-44EF-B386-9D50E74E5BBB}.Debug|Any CPU.ActiveCfg = Debug|Any CPU
		{F7851DD4-82D0-44EF-B386-9D50E74E5BBB}.Debug|Any CPU.Build.0 = Debug|Any CPU
		{F7851DD4-82D0-44EF-B386-9D50E74E5BBB}.Release|Any CPU.ActiveCfg = Release|Any CPU
		{F7851DD4-82D0-44EF-B386-9D50E74E5BBB}.Release|Any CPU.Build.0 = Release|Any CPU
	EndGlobalSection
	GlobalSection(SolutionProperties) = preSolution
		HideSolutionNode = FALSE
	EndGlobalSection
	GlobalSection(ExtensibilityGlobals) = postSolution
		SolutionGuid = {BBDA943C-7578-4008-B775-E00C0D40F821}
	EndGlobalSection
EndGlobal
